
Microsoft Visual Studio Solution File, Format Version 12.00
# Visual Studio Version 16
VisualStudioVersion = 16.0.29609.76
MinimumVisualStudioVersion = 10.0.40219.1
Project("{888888A0-9F3D-457C-B088-3A5042F75D52}") = "numeros del 1 a 100 en letras", "numeros del 1 a 100 en letras\numeros del 1 a 100 en letras.pyproj", "{53C85288-92CC-4DD6-ACC7-8AFE2174D34C}"
EndProject
Global
	GlobalSection(SolutionConfigurationPlatforms) = preSolution
		Debug|Any CPU = Debug|Any CPU
		Release|Any CPU = Release|Any CPU
	EndGlobalSection
	GlobalSection(ProjectConfigurationPlatforms) = postSolution
		{53C85288-92CC-4DD6-ACC7-8AFE2174D34C}.Debug|Any CPU.ActiveCfg = Debug|Any CPU
		{53C85288-92CC-4DD6-ACC7-8AFE2174D34C}.Release|Any CPU.ActiveCfg = Release|Any CPU
	EndGlobalSection
	GlobalSection(SolutionProperties) = preSolution
		HideSolutionNode = FALSE
	EndGlobalSection
	GlobalSection(ExtensibilityGlobals) = postSolution
		SolutionGuid = {721F76E2-CFA5-4ECC-B5EC-4F5225BFA978}
	EndGlobalSection
EndGlobal
