
Microsoft Visual Studio Solution File, Format Version 12.00
# Visual Studio Version 16
VisualStudioVersion = 16.0.29609.76
MinimumVisualStudioVersion = 10.0.40219.1
Project("{888888A0-9F3D-457C-B088-3A5042F75D52}") = "Numero capicuo", "Numero capicuo\Numero capicuo.pyproj", "{37929E59-FCC3-4C74-93F6-EF609126A114}"
EndProject
Global
	GlobalSection(SolutionConfigurationPlatforms) = preSolution
		Debug|Any CPU = Debug|Any CPU
		Release|Any CPU = Release|Any CPU
	EndGlobalSection
	GlobalSection(ProjectConfigurationPlatforms) = postSolution
		{37929E59-FCC3-4C74-93F6-EF609126A114}.Debug|Any CPU.ActiveCfg = Debug|Any CPU
		{37929E59-FCC3-4C74-93F6-EF609126A114}.Release|Any CPU.ActiveCfg = Release|Any CPU
	EndGlobalSection
	GlobalSection(SolutionProperties) = preSolution
		HideSolutionNode = FALSE
	EndGlobalSection
	GlobalSection(ExtensibilityGlobals) = postSolution
		SolutionGuid = {86FE635A-1CC0-492D-BAE9-B6D785C00F69}
	EndGlobalSection
EndGlobal
