
Microsoft Visual Studio Solution File, Format Version 12.00
# Visual Studio Version 16
VisualStudioVersion = 16.0.29609.76
MinimumVisualStudioVersion = 10.0.40219.1
Project("{888888A0-9F3D-457C-B088-3A5042F75D52}") = "promedio", "promedio\promedio.pyproj", "{6CD6EC6B-A829-406D-9E5F-0952B0D958DB}"
EndProject
Global
	GlobalSection(SolutionConfigurationPlatforms) = preSolution
		Debug|Any CPU = Debug|Any CPU
		Release|Any CPU = Release|Any CPU
	EndGlobalSection
	GlobalSection(ProjectConfigurationPlatforms) = postSolution
		{6CD6EC6B-A829-406D-9E5F-0952B0D958DB}.Debug|Any CPU.ActiveCfg = Debug|Any CPU
		{6CD6EC6B-A829-406D-9E5F-0952B0D958DB}.Release|Any CPU.ActiveCfg = Release|Any CPU
	EndGlobalSection
	GlobalSection(SolutionProperties) = preSolution
		HideSolutionNode = FALSE
	EndGlobalSection
	GlobalSection(ExtensibilityGlobals) = postSolution
		SolutionGuid = {2D48A06F-A34E-4548-B643-1E50B5CE6341}
	EndGlobalSection
EndGlobal
