
Microsoft Visual Studio Solution File, Format Version 12.00
# Visual Studio Version 16
VisualStudioVersion = 16.0.29609.76
MinimumVisualStudioVersion = 10.0.40219.1
Project("{888888A0-9F3D-457C-B088-3A5042F75D52}") = "Acepte una fecha de nacimiento y diga la edad exacta", "Acepte una fecha de nacimiento y diga la edad exacta\Acepte una fecha de nacimiento y diga la edad exacta.pyproj", "{16AE50B5-9507-47A6-A420-F7BF9B94813C}"
EndProject
Global
	GlobalSection(SolutionConfigurationPlatforms) = preSolution
		Debug|Any CPU = Debug|Any CPU
		Release|Any CPU = Release|Any CPU
	EndGlobalSection
	GlobalSection(ProjectConfigurationPlatforms) = postSolution
		{16AE50B5-9507-47A6-A420-F7BF9B94813C}.Debug|Any CPU.ActiveCfg = Debug|Any CPU
		{16AE50B5-9507-47A6-A420-F7BF9B94813C}.Release|Any CPU.ActiveCfg = Release|Any CPU
	EndGlobalSection
	GlobalSection(SolutionProperties) = preSolution
		HideSolutionNode = FALSE
	EndGlobalSection
	GlobalSection(ExtensibilityGlobals) = postSolution
		SolutionGuid = {370C3EF9-4AE4-4C39-B961-A6E0604A5201}
	EndGlobalSection
EndGlobal
