
Microsoft Visual Studio Solution File, Format Version 12.00
# Visual Studio Version 16
VisualStudioVersion = 16.0.29609.76
MinimumVisualStudioVersion = 10.0.40219.1
Project("{888888A0-9F3D-457C-B088-3A5042F75D52}") = "El mayor de 5 numeros", "El mayor de 5 numeros\El mayor de 5 numeros.pyproj", "{F4DD543E-24D7-458E-8061-44C9E33933DE}"
EndProject
Global
	GlobalSection(SolutionConfigurationPlatforms) = preSolution
		Debug|Any CPU = Debug|Any CPU
		Release|Any CPU = Release|Any CPU
	EndGlobalSection
	GlobalSection(ProjectConfigurationPlatforms) = postSolution
		{F4DD543E-24D7-458E-8061-44C9E33933DE}.Debug|Any CPU.ActiveCfg = Debug|Any CPU
		{F4DD543E-24D7-458E-8061-44C9E33933DE}.Release|Any CPU.ActiveCfg = Release|Any CPU
	EndGlobalSection
	GlobalSection(SolutionProperties) = preSolution
		HideSolutionNode = FALSE
	EndGlobalSection
	GlobalSection(ExtensibilityGlobals) = postSolution
		SolutionGuid = {09828AB0-7077-401B-BEC8-FB30AFBDA27B}
	EndGlobalSection
EndGlobal
