
Microsoft Visual Studio Solution File, Format Version 12.00
# Visual Studio Version 16
VisualStudioVersion = 16.0.29609.76
MinimumVisualStudioVersion = 10.0.40219.1
Project("{888888A0-9F3D-457C-B088-3A5042F75D52}") = "caracteristicas del pokemon", "caracteristicas del pokemon\caracteristicas del pokemon.pyproj", "{71211BE2-BC12-42C9-B8FF-69EB77F7D3BC}"
EndProject
Global
	GlobalSection(SolutionConfigurationPlatforms) = preSolution
		Debug|Any CPU = Debug|Any CPU
		Release|Any CPU = Release|Any CPU
	EndGlobalSection
	GlobalSection(ProjectConfigurationPlatforms) = postSolution
		{71211BE2-BC12-42C9-B8FF-69EB77F7D3BC}.Debug|Any CPU.ActiveCfg = Debug|Any CPU
		{71211BE2-BC12-42C9-B8FF-69EB77F7D3BC}.Release|Any CPU.ActiveCfg = Release|Any CPU
	EndGlobalSection
	GlobalSection(SolutionProperties) = preSolution
		HideSolutionNode = FALSE
	EndGlobalSection
	GlobalSection(ExtensibilityGlobals) = postSolution
		SolutionGuid = {26AEDBDC-681F-4271-BB35-89B7FBC38697}
	EndGlobalSection
EndGlobal
